
Microsoft Visual Studio Solution File, Format Version 12.00
# Visual Studio Version 16
VisualStudioVersion = 16.0.29613.14
MinimumVisualStudioVersion = 10.0.40219.1
Project("{9A19103F-16F7-4668-BE54-9A1E7A4F7556}") = "IG-500A", "IG-500A.csproj", "{9E75B5BA-1114-4DD8-93DF-B4392CD78DDB}"
EndProject
Project("{9A19103F-16F7-4668-BE54-9A1E7A4F7556}") = "System.Device.Gpio", "..\..\System.Device.Gpio\System.Device.Gpio.csproj", "{D3EEDB46-03F8-4B9F-82D2-EB6707B5FFA4}"
EndProject
Project("{9A19103F-16F7-4668-BE54-9A1E7A4F7556}") = "IG-500A.sample", "samples\IG-500A.sample.csproj", "{31CACF27-691A-40F1-ACDA-ABA7FDE8BB8B}"
EndProject
Project("{9A19103F-16F7-4668-BE54-9A1E7A4F7556}") = "IG-500A.Tests", "tests\IG-500A.Tests.csproj", "{E3E9E413-A955-46C7-8908-F90AFE94BFAC}"
EndProject
Global
	GlobalSection(SolutionConfigurationPlatforms) = preSolution
		Debug|Any CPU = Debug|Any CPU
		Release|Any CPU = Release|Any CPU
	EndGlobalSection
	GlobalSection(ProjectConfigurationPlatforms) = postSolution
		{9E75B5BA-1114-4DD8-93DF-B4392CD78DDB}.Debug|Any CPU.ActiveCfg = Debug|Any CPU
		{9E75B5BA-1114-4DD8-93DF-B4392CD78DDB}.Debug|Any CPU.Build.0 = Debug|Any CPU
		{9E75B5BA-1114-4DD8-93DF-B4392CD78DDB}.Release|Any CPU.ActiveCfg = Release|Any CPU
		{9E75B5BA-1114-4DD8-93DF-B4392CD78DDB}.Release|Any CPU.Build.0 = Release|Any CPU
		{D3EEDB46-03F8-4B9F-82D2-EB6707B5FFA4}.Debug|Any CPU.ActiveCfg = Debug|Any CPU
		{D3EEDB46-03F8-4B9F-82D2-EB6707B5FFA4}.Debug|Any CPU.Build.0 = Debug|Any CPU
		{D3EEDB46-03F8-4B9F-82D2-EB6707B5FFA4}.Release|Any CPU.ActiveCfg = Release|Any CPU
		{D3EEDB46-03F8-4B9F-82D2-EB6707B5FFA4}.Release|Any CPU.Build.0 = Release|Any CPU
		{31CACF27-691A-40F1-ACDA-ABA7FDE8BB8B}.Debug|Any CPU.ActiveCfg = Debug|Any CPU
		{31CACF27-691A-40F1-ACDA-ABA7FDE8BB8B}.Debug|Any CPU.Build.0 = Debug|Any CPU
		{31CACF27-691A-40F1-ACDA-ABA7FDE8BB8B}.Release|Any CPU.ActiveCfg = Release|Any CPU
		{31CACF27-691A-40F1-ACDA-ABA7FDE8BB8B}.Release|Any CPU.Build.0 = Release|Any CPU
		{E3E9E413-A955-46C7-8908-F90AFE94BFAC}.Debug|Any CPU.ActiveCfg = Debug|Any CPU
		{E3E9E413-A955-46C7-8908-F90AFE94BFAC}.Debug|Any CPU.Build.0 = Debug|Any CPU
		{E3E9E413-A955-46C7-8908-F90AFE94BFAC}.Release|Any CPU.ActiveCfg = Release|Any CPU
		{E3E9E413-A955-46C7-8908-F90AFE94BFAC}.Release|Any CPU.Build.0 = Release|Any CPU
	EndGlobalSection
	GlobalSection(SolutionProperties) = preSolution
		HideSolutionNode = FALSE
	EndGlobalSection
	GlobalSection(ExtensibilityGlobals) = postSolution
		SolutionGuid = {A21E45BE-992E-4355-BC95-17454A65AFD8}
	EndGlobalSection
EndGlobal
