
Microsoft Visual Studio Solution File, Format Version 12.00
# Visual Studio Version 16
VisualStudioVersion = 16.0.29409.12
MinimumVisualStudioVersion = 10.0.40219.1
Project("{9A19103F-16F7-4668-BE54-9A1E7A4F7556}") = "DisplayControl", "DisplayControl.csproj", "{62733748-E938-4E40-B761-6AF6E61040CE}"
EndProject
Global
	GlobalSection(SolutionConfigurationPlatforms) = preSolution
		Debug|Any CPU = Debug|Any CPU
		Release|Any CPU = Release|Any CPU
	EndGlobalSection
	GlobalSection(ProjectConfigurationPlatforms) = postSolution
		{62733748-E938-4E40-B761-6AF6E61040CE}.Debug|Any CPU.ActiveCfg = Debug|Any CPU
		{62733748-E938-4E40-B761-6AF6E61040CE}.Debug|Any CPU.Build.0 = Debug|Any CPU
		{62733748-E938-4E40-B761-6AF6E61040CE}.Release|Any CPU.ActiveCfg = Release|Any CPU
		{62733748-E938-4E40-B761-6AF6E61040CE}.Release|Any CPU.Build.0 = Release|Any CPU
	EndGlobalSection
	GlobalSection(SolutionProperties) = preSolution
		HideSolutionNode = FALSE
	EndGlobalSection
	GlobalSection(ExtensibilityGlobals) = postSolution
		SolutionGuid = {2799B6AD-B634-446F-AEC1-90D325A19B98}
	EndGlobalSection
EndGlobal
