
Microsoft Visual Studio Solution File, Format Version 12.00
# Visual Studio Version 17
VisualStudioVersion = 17.5.33326.253
MinimumVisualStudioVersion = 15.0.26124.0
Project("{2150E333-8FDC-42A3-9474-1A3956D46DE8}") = "samples", "samples", "{0D478BAB-AFEA-4AF1-866C-E3AC32E11C5A}"
EndProject
Project("{9A19103F-16F7-4668-BE54-9A1E7A4F7556}") = "Ili9341.Samples", "samples\Ili9341.Samples.csproj", "{E74BDE5D-ECB6-4EF3-A493-3240C84A8F5F}"
EndProject
Project("{9A19103F-16F7-4668-BE54-9A1E7A4F7556}") = "Ili9341", "Ili9341.csproj", "{7ED3BAC8-2B00-4456-98D7-FAB6C4D7054E}"
EndProject
Project("{9A19103F-16F7-4668-BE54-9A1E7A4F7556}") = "Common", "..\Common\Common.csproj", "{06BCD656-7E72-4B9B-AC47-0DD82BE12D94}"
EndProject
Project("{9A19103F-16F7-4668-BE54-9A1E7A4F7556}") = "SkiaSharpConnector", "..\SkiaSharpConnector\SkiaSharpConnector.csproj", "{4E0A552B-9269-4CD7-9D68-B12AD2F39823}"
EndProject
Global
	GlobalSection(SolutionConfigurationPlatforms) = preSolution
		Debug|Any CPU = Debug|Any CPU
		Debug|x64 = Debug|x64
		Debug|x86 = Debug|x86
		Release|Any CPU = Release|Any CPU
		Release|x64 = Release|x64
		Release|x86 = Release|x86
	EndGlobalSection
	GlobalSection(ProjectConfigurationPlatforms) = postSolution
		{E74BDE5D-ECB6-4EF3-A493-3240C84A8F5F}.Debug|Any CPU.ActiveCfg = Debug|Any CPU
		{E74BDE5D-ECB6-4EF3-A493-3240C84A8F5F}.Debug|Any CPU.Build.0 = Debug|Any CPU
		{E74BDE5D-ECB6-4EF3-A493-3240C84A8F5F}.Debug|x64.ActiveCfg = Debug|Any CPU
		{E74BDE5D-ECB6-4EF3-A493-3240C84A8F5F}.Debug|x64.Build.0 = Debug|Any CPU
		{E74BDE5D-ECB6-4EF3-A493-3240C84A8F5F}.Debug|x86.ActiveCfg = Debug|Any CPU
		{E74BDE5D-ECB6-4EF3-A493-3240C84A8F5F}.Debug|x86.Build.0 = Debug|Any CPU
		{E74BDE5D-ECB6-4EF3-A493-3240C84A8F5F}.Release|Any CPU.ActiveCfg = Release|Any CPU
		{E74BDE5D-ECB6-4EF3-A493-3240C84A8F5F}.Release|Any CPU.Build.0 = Release|Any CPU
		{E74BDE5D-ECB6-4EF3-A493-3240C84A8F5F}.Release|x64.ActiveCfg = Release|Any CPU
		{E74BDE5D-ECB6-4EF3-A493-3240C84A8F5F}.Release|x64.Build.0 = Release|Any CPU
		{E74BDE5D-ECB6-4EF3-A493-3240C84A8F5F}.Release|x86.ActiveCfg = Release|Any CPU
		{E74BDE5D-ECB6-4EF3-A493-3240C84A8F5F}.Release|x86.Build.0 = Release|Any CPU
		{7ED3BAC8-2B00-4456-98D7-FAB6C4D7054E}.Debug|Any CPU.ActiveCfg = Debug|Any CPU
		{7ED3BAC8-2B00-4456-98D7-FAB6C4D7054E}.Debug|Any CPU.Build.0 = Debug|Any CPU
		{7ED3BAC8-2B00-4456-98D7-FAB6C4D7054E}.Debug|x64.ActiveCfg = Debug|Any CPU
		{7ED3BAC8-2B00-4456-98D7-FAB6C4D7054E}.Debug|x64.Build.0 = Debug|Any CPU
		{7ED3BAC8-2B00-4456-98D7-FAB6C4D7054E}.Debug|x86.ActiveCfg = Debug|Any CPU
		{7ED3BAC8-2B00-4456-98D7-FAB6C4D7054E}.Debug|x86.Build.0 = Debug|Any CPU
		{7ED3BAC8-2B00-4456-98D7-FAB6C4D7054E}.Release|Any CPU.ActiveCfg = Release|Any CPU
		{7ED3BAC8-2B00-4456-98D7-FAB6C4D7054E}.Release|Any CPU.Build.0 = Release|Any CPU
		{7ED3BAC8-2B00-4456-98D7-FAB6C4D7054E}.Release|x64.ActiveCfg = Release|Any CPU
		{7ED3BAC8-2B00-4456-98D7-FAB6C4D7054E}.Release|x64.Build.0 = Release|Any CPU
		{7ED3BAC8-2B00-4456-98D7-FAB6C4D7054E}.Release|x86.ActiveCfg = Release|Any CPU
		{7ED3BAC8-2B00-4456-98D7-FAB6C4D7054E}.Release|x86.Build.0 = Release|Any CPU
		{06BCD656-7E72-4B9B-AC47-0DD82BE12D94}.Debug|Any CPU.ActiveCfg = Debug|Any CPU
		{06BCD656-7E72-4B9B-AC47-0DD82BE12D94}.Debug|Any CPU.Build.0 = Debug|Any CPU
		{06BCD656-7E72-4B9B-AC47-0DD82BE12D94}.Debug|x64.ActiveCfg = Debug|Any CPU
		{06BCD656-7E72-4B9B-AC47-0DD82BE12D94}.Debug|x64.Build.0 = Debug|Any CPU
		{06BCD656-7E72-4B9B-AC47-0DD82BE12D94}.Debug|x86.ActiveCfg = Debug|Any CPU
		{06BCD656-7E72-4B9B-AC47-0DD82BE12D94}.Debug|x86.Build.0 = Debug|Any CPU
		{06BCD656-7E72-4B9B-AC47-0DD82BE12D94}.Release|Any CPU.ActiveCfg = Release|Any CPU
		{06BCD656-7E72-4B9B-AC47-0DD82BE12D94}.Release|Any CPU.Build.0 = Release|Any CPU
		{06BCD656-7E72-4B9B-AC47-0DD82BE12D94}.Release|x64.ActiveCfg = Release|Any CPU
		{06BCD656-7E72-4B9B-AC47-0DD82BE12D94}.Release|x64.Build.0 = Release|Any CPU
		{06BCD656-7E72-4B9B-AC47-0DD82BE12D94}.Release|x86.ActiveCfg = Release|Any CPU
		{06BCD656-7E72-4B9B-AC47-0DD82BE12D94}.Release|x86.Build.0 = Release|Any CPU
		{4E0A552B-9269-4CD7-9D68-B12AD2F39823}.Debug|Any CPU.ActiveCfg = Debug|Any CPU
		{4E0A552B-9269-4CD7-9D68-B12AD2F39823}.Debug|Any CPU.Build.0 = Debug|Any CPU
		{4E0A552B-9269-4CD7-9D68-B12AD2F39823}.Debug|x64.ActiveCfg = Debug|Any CPU
		{4E0A552B-9269-4CD7-9D68-B12AD2F39823}.Debug|x64.Build.0 = Debug|Any CPU
		{4E0A552B-9269-4CD7-9D68-B12AD2F39823}.Debug|x86.ActiveCfg = Debug|Any CPU
		{4E0A552B-9269-4CD7-9D68-B12AD2F39823}.Debug|x86.Build.0 = Debug|Any CPU
		{4E0A552B-9269-4CD7-9D68-B12AD2F39823}.Release|Any CPU.ActiveCfg = Release|Any CPU
		{4E0A552B-9269-4CD7-9D68-B12AD2F39823}.Release|Any CPU.Build.0 = Release|Any CPU
		{4E0A552B-9269-4CD7-9D68-B12AD2F39823}.Release|x64.ActiveCfg = Release|Any CPU
		{4E0A552B-9269-4CD7-9D68-B12AD2F39823}.Release|x64.Build.0 = Release|Any CPU
		{4E0A552B-9269-4CD7-9D68-B12AD2F39823}.Release|x86.ActiveCfg = Release|Any CPU
		{4E0A552B-9269-4CD7-9D68-B12AD2F39823}.Release|x86.Build.0 = Release|Any CPU
	EndGlobalSection
	GlobalSection(SolutionProperties) = preSolution
		HideSolutionNode = FALSE
	EndGlobalSection
	GlobalSection(NestedProjects) = preSolution
		{E74BDE5D-ECB6-4EF3-A493-3240C84A8F5F} = {0D478BAB-AFEA-4AF1-866C-E3AC32E11C5A}
	EndGlobalSection
	GlobalSection(ExtensibilityGlobals) = postSolution
		SolutionGuid = {99D33CF2-619B-493F-A5ED-3BBD936F5420}
	EndGlobalSection
EndGlobal
